
Microsoft Visual Studio Solution File, Format Version 12.00
# Visual Studio Version 17
VisualStudioVersion = 17.4.33205.214
MinimumVisualStudioVersion = 10.0.40219.1
Project("{2150E333-8FDC-42A3-9474-1A3956D46DE8}") = "OrderExample", "OrderExample", "{4D168130-4A40-4576-BA9E-D8B4A0FA380D}"
EndProject
Project("{9A19103F-16F7-4668-BE54-9A1E7A4F7556}") = "OrderExample.Domain", "OrderExample.Domain\OrderExample.Domain.csproj", "{9DC2DD25-DA0B-4B63-AD38-76D3C5135F3A}"
EndProject
Project("{9A19103F-16F7-4668-BE54-9A1E7A4F7556}") = "OrderExample.Infrastructure", "OrderExample.Infrastructure\OrderExample.Infrastructure.csproj", "{80EB8C6F-9D19-4D5B-A69F-7523CDB252BB}"
EndProject
Project("{2150E333-8FDC-42A3-9474-1A3956D46DE8}") = "DependencyInjection", "DependencyInjection", "{5EDD4E02-834F-4863-AF63-684D4F261022}"
EndProject
Project("{9A19103F-16F7-4668-BE54-9A1E7A4F7556}") = "ConsoleDependencyInjection", "ConsoleDependencyInjection\ConsoleDependencyInjection.csproj", "{2F4C1ADC-02EF-4DEF-BD94-81A9E16BDD38}"
EndProject
Project("{9A19103F-16F7-4668-BE54-9A1E7A4F7556}") = "WebDependencyInjection", "WebDependencyInjection\WebDependencyInjection.csproj", "{FE3F5C30-1F52-442B-9B94-F8AA29F90B3B}"
EndProject
Project("{9A19103F-16F7-4668-BE54-9A1E7A4F7556}") = "OrderExample.Services", "OrderExample.Services\OrderExample.Services.csproj", "{C45387DB-9F86-4C16-A929-23BB70113D1F}"
EndProject
Project("{FAE04EC0-301F-11D3-BF4B-00C04F79EFBC}") = "OrderExample.Application", "OrderExample.Application\OrderExample.Application.csproj", "{A1ECF945-CC42-437C-AF49-F2AE2DC0D666}"
EndProject
Project("{FAE04EC0-301F-11D3-BF4B-00C04F79EFBC}") = "OrderExample.Api", "OrderExample.Api\OrderExample.Api.csproj", "{966B1007-AFD2-4757-A95F-E0939ED5B9EE}"
EndProject
Global
	GlobalSection(SolutionConfigurationPlatforms) = preSolution
		Debug|Any CPU = Debug|Any CPU
		Release|Any CPU = Release|Any CPU
	EndGlobalSection
	GlobalSection(ProjectConfigurationPlatforms) = postSolution
		{9DC2DD25-DA0B-4B63-AD38-76D3C5135F3A}.Debug|Any CPU.ActiveCfg = Debug|Any CPU
		{9DC2DD25-DA0B-4B63-AD38-76D3C5135F3A}.Debug|Any CPU.Build.0 = Debug|Any CPU
		{9DC2DD25-DA0B-4B63-AD38-76D3C5135F3A}.Release|Any CPU.ActiveCfg = Release|Any CPU
		{9DC2DD25-DA0B-4B63-AD38-76D3C5135F3A}.Release|Any CPU.Build.0 = Release|Any CPU
		{80EB8C6F-9D19-4D5B-A69F-7523CDB252BB}.Debug|Any CPU.ActiveCfg = Debug|Any CPU
		{80EB8C6F-9D19-4D5B-A69F-7523CDB252BB}.Debug|Any CPU.Build.0 = Debug|Any CPU
		{80EB8C6F-9D19-4D5B-A69F-7523CDB252BB}.Release|Any CPU.ActiveCfg = Release|Any CPU
		{80EB8C6F-9D19-4D5B-A69F-7523CDB252BB}.Release|Any CPU.Build.0 = Release|Any CPU
		{2F4C1ADC-02EF-4DEF-BD94-81A9E16BDD38}.Debug|Any CPU.ActiveCfg = Debug|Any CPU
		{2F4C1ADC-02EF-4DEF-BD94-81A9E16BDD38}.Debug|Any CPU.Build.0 = Debug|Any CPU
		{2F4C1ADC-02EF-4DEF-BD94-81A9E16BDD38}.Release|Any CPU.ActiveCfg = Release|Any CPU
		{2F4C1ADC-02EF-4DEF-BD94-81A9E16BDD38}.Release|Any CPU.Build.0 = Release|Any CPU
		{FE3F5C30-1F52-442B-9B94-F8AA29F90B3B}.Debug|Any CPU.ActiveCfg = Debug|Any CPU
		{FE3F5C30-1F52-442B-9B94-F8AA29F90B3B}.Debug|Any CPU.Build.0 = Debug|Any CPU
		{FE3F5C30-1F52-442B-9B94-F8AA29F90B3B}.Release|Any CPU.ActiveCfg = Release|Any CPU
		{FE3F5C30-1F52-442B-9B94-F8AA29F90B3B}.Release|Any CPU.Build.0 = Release|Any CPU
		{C45387DB-9F86-4C16-A929-23BB70113D1F}.Debug|Any CPU.ActiveCfg = Debug|Any CPU
		{C45387DB-9F86-4C16-A929-23BB70113D1F}.Debug|Any CPU.Build.0 = Debug|Any CPU
		{C45387DB-9F86-4C16-A929-23BB70113D1F}.Release|Any CPU.ActiveCfg = Release|Any CPU
		{C45387DB-9F86-4C16-A929-23BB70113D1F}.Release|Any CPU.Build.0 = Release|Any CPU
		{A1ECF945-CC42-437C-AF49-F2AE2DC0D666}.Debug|Any CPU.ActiveCfg = Debug|Any CPU
		{A1ECF945-CC42-437C-AF49-F2AE2DC0D666}.Debug|Any CPU.Build.0 = Debug|Any CPU
		{A1ECF945-CC42-437C-AF49-F2AE2DC0D666}.Release|Any CPU.ActiveCfg = Release|Any CPU
		{A1ECF945-CC42-437C-AF49-F2AE2DC0D666}.Release|Any CPU.Build.0 = Release|Any CPU
		{966B1007-AFD2-4757-A95F-E0939ED5B9EE}.Debug|Any CPU.ActiveCfg = Debug|Any CPU
		{966B1007-AFD2-4757-A95F-E0939ED5B9EE}.Debug|Any CPU.Build.0 = Debug|Any CPU
		{966B1007-AFD2-4757-A95F-E0939ED5B9EE}.Release|Any CPU.ActiveCfg = Release|Any CPU
		{966B1007-AFD2-4757-A95F-E0939ED5B9EE}.Release|Any CPU.Build.0 = Release|Any CPU
	EndGlobalSection
	GlobalSection(SolutionProperties) = preSolution
		HideSolutionNode = FALSE
	EndGlobalSection
	GlobalSection(NestedProjects) = preSolution
		{9DC2DD25-DA0B-4B63-AD38-76D3C5135F3A} = {4D168130-4A40-4576-BA9E-D8B4A0FA380D}
		{80EB8C6F-9D19-4D5B-A69F-7523CDB252BB} = {4D168130-4A40-4576-BA9E-D8B4A0FA380D}
		{2F4C1ADC-02EF-4DEF-BD94-81A9E16BDD38} = {5EDD4E02-834F-4863-AF63-684D4F261022}
		{FE3F5C30-1F52-442B-9B94-F8AA29F90B3B} = {5EDD4E02-834F-4863-AF63-684D4F261022}
		{C45387DB-9F86-4C16-A929-23BB70113D1F} = {4D168130-4A40-4576-BA9E-D8B4A0FA380D}
		{A1ECF945-CC42-437C-AF49-F2AE2DC0D666} = {4D168130-4A40-4576-BA9E-D8B4A0FA380D}
		{966B1007-AFD2-4757-A95F-E0939ED5B9EE} = {4D168130-4A40-4576-BA9E-D8B4A0FA380D}
	EndGlobalSection
	GlobalSection(ExtensibilityGlobals) = postSolution
		SolutionGuid = {642176D0-3D21-438F-B77D-04BE86529F63}
	EndGlobalSection
EndGlobal
